
Microsoft Visual Studio Solution File, Format Version 12.00
# Visual Studio Version 16
VisualStudioVersion = 16.0.31205.134
MinimumVisualStudioVersion = 10.0.40219.1
Project("{9A19103F-16F7-4668-BE54-9A1E7A4F7556}") = "TestCoreService.Client", "TestCoreService.Client\TestCoreService.Client.csproj", "{1784F7F8-1398-4EA4-A47D-77644DC7588A}"
EndProject
Project("{9A19103F-16F7-4668-BE54-9A1E7A4F7556}") = "ServicesShared.Core", "ServicesShared.Core\ServicesShared.Core.csproj", "{CE9E95DC-2B9D-4D91-8C1E-1A58179B723E}"
EndProject
Project("{2150E333-8FDC-42A3-9474-1A3956D46DE8}") = "Api", "Api", "{E4DBA7B2-A08F-4376-A26B-6F8838ABA9E2}"
EndProject
Project("{9A19103F-16F7-4668-BE54-9A1E7A4F7556}") = "CustomerApi.Service", "Api\CustomerApi.Service\CustomerApi.Service.csproj", "{1551881A-7DC8-4667-A220-0F8BB8ED3523}"
EndProject
Project("{9A19103F-16F7-4668-BE54-9A1E7A4F7556}") = "CustomerApi", "Api\CustomerApi\CustomerApi.csproj", "{C0D12DA2-4CB9-4699-9A28-095C16EA634D}"
EndProject
Project("{9A19103F-16F7-4668-BE54-9A1E7A4F7556}") = "CustomerApi.Data", "Api\CustomerApi.Data\CustomerApi.Data.csproj", "{5FF85C72-9534-41A5-85C2-F3C117D507FC}"
EndProject
Project("{9A19103F-16F7-4668-BE54-9A1E7A4F7556}") = "CustomerApi.Domain", "Api\CustomerApi.Domain\CustomerApi.Domain.csproj", "{2229A651-1636-4EDB-8956-D7EE34992D6E}"
EndProject
Project("{9A19103F-16F7-4668-BE54-9A1E7A4F7556}") = "CustomerApi.Messaging.Send", "Api\CustomerApi.Messaging.Send\CustomerApi.Messaging.Send.csproj", "{9D56A6D7-E213-40CB-99DC-68FE940519EE}"
EndProject
Project("{FAE04EC0-301F-11D3-BF4B-00C04F79EFBC}") = "CustomerApi.Authentication", "Api\CustomerApi.Authentication\CustomerApi.Authentication.csproj", "{69E8A03D-EE8A-4CD1-9973-E5EE4165A103}"
EndProject
Global
	GlobalSection(SolutionConfigurationPlatforms) = preSolution
		Debug|Any CPU = Debug|Any CPU
		Release|Any CPU = Release|Any CPU
	EndGlobalSection
	GlobalSection(ProjectConfigurationPlatforms) = postSolution
		{1784F7F8-1398-4EA4-A47D-77644DC7588A}.Debug|Any CPU.ActiveCfg = Debug|Any CPU
		{1784F7F8-1398-4EA4-A47D-77644DC7588A}.Debug|Any CPU.Build.0 = Debug|Any CPU
		{1784F7F8-1398-4EA4-A47D-77644DC7588A}.Release|Any CPU.ActiveCfg = Release|Any CPU
		{1784F7F8-1398-4EA4-A47D-77644DC7588A}.Release|Any CPU.Build.0 = Release|Any CPU
		{CE9E95DC-2B9D-4D91-8C1E-1A58179B723E}.Debug|Any CPU.ActiveCfg = Debug|Any CPU
		{CE9E95DC-2B9D-4D91-8C1E-1A58179B723E}.Debug|Any CPU.Build.0 = Debug|Any CPU
		{CE9E95DC-2B9D-4D91-8C1E-1A58179B723E}.Release|Any CPU.ActiveCfg = Release|Any CPU
		{CE9E95DC-2B9D-4D91-8C1E-1A58179B723E}.Release|Any CPU.Build.0 = Release|Any CPU
		{1551881A-7DC8-4667-A220-0F8BB8ED3523}.Debug|Any CPU.ActiveCfg = Debug|Any CPU
		{1551881A-7DC8-4667-A220-0F8BB8ED3523}.Debug|Any CPU.Build.0 = Debug|Any CPU
		{1551881A-7DC8-4667-A220-0F8BB8ED3523}.Release|Any CPU.ActiveCfg = Release|Any CPU
		{1551881A-7DC8-4667-A220-0F8BB8ED3523}.Release|Any CPU.Build.0 = Release|Any CPU
		{C0D12DA2-4CB9-4699-9A28-095C16EA634D}.Debug|Any CPU.ActiveCfg = Debug|Any CPU
		{C0D12DA2-4CB9-4699-9A28-095C16EA634D}.Debug|Any CPU.Build.0 = Debug|Any CPU
		{C0D12DA2-4CB9-4699-9A28-095C16EA634D}.Release|Any CPU.ActiveCfg = Release|Any CPU
		{C0D12DA2-4CB9-4699-9A28-095C16EA634D}.Release|Any CPU.Build.0 = Release|Any CPU
		{5FF85C72-9534-41A5-85C2-F3C117D507FC}.Debug|Any CPU.ActiveCfg = Debug|Any CPU
		{5FF85C72-9534-41A5-85C2-F3C117D507FC}.Debug|Any CPU.Build.0 = Debug|Any CPU
		{5FF85C72-9534-41A5-85C2-F3C117D507FC}.Release|Any CPU.ActiveCfg = Release|Any CPU
		{5FF85C72-9534-41A5-85C2-F3C117D507FC}.Release|Any CPU.Build.0 = Release|Any CPU
		{2229A651-1636-4EDB-8956-D7EE34992D6E}.Debug|Any CPU.ActiveCfg = Debug|Any CPU
		{2229A651-1636-4EDB-8956-D7EE34992D6E}.Debug|Any CPU.Build.0 = Debug|Any CPU
		{2229A651-1636-4EDB-8956-D7EE34992D6E}.Release|Any CPU.ActiveCfg = Release|Any CPU
		{2229A651-1636-4EDB-8956-D7EE34992D6E}.Release|Any CPU.Build.0 = Release|Any CPU
		{9D56A6D7-E213-40CB-99DC-68FE940519EE}.Debug|Any CPU.ActiveCfg = Debug|Any CPU
		{9D56A6D7-E213-40CB-99DC-68FE940519EE}.Debug|Any CPU.Build.0 = Debug|Any CPU
		{9D56A6D7-E213-40CB-99DC-68FE940519EE}.Release|Any CPU.ActiveCfg = Release|Any CPU
		{9D56A6D7-E213-40CB-99DC-68FE940519EE}.Release|Any CPU.Build.0 = Release|Any CPU
		{69E8A03D-EE8A-4CD1-9973-E5EE4165A103}.Debug|Any CPU.ActiveCfg = Debug|Any CPU
		{69E8A03D-EE8A-4CD1-9973-E5EE4165A103}.Debug|Any CPU.Build.0 = Debug|Any CPU
		{69E8A03D-EE8A-4CD1-9973-E5EE4165A103}.Release|Any CPU.ActiveCfg = Release|Any CPU
		{69E8A03D-EE8A-4CD1-9973-E5EE4165A103}.Release|Any CPU.Build.0 = Release|Any CPU
	EndGlobalSection
	GlobalSection(SolutionProperties) = preSolution
		HideSolutionNode = FALSE
	EndGlobalSection
	GlobalSection(NestedProjects) = preSolution
		{1551881A-7DC8-4667-A220-0F8BB8ED3523} = {E4DBA7B2-A08F-4376-A26B-6F8838ABA9E2}
		{C0D12DA2-4CB9-4699-9A28-095C16EA634D} = {E4DBA7B2-A08F-4376-A26B-6F8838ABA9E2}
		{5FF85C72-9534-41A5-85C2-F3C117D507FC} = {E4DBA7B2-A08F-4376-A26B-6F8838ABA9E2}
		{2229A651-1636-4EDB-8956-D7EE34992D6E} = {E4DBA7B2-A08F-4376-A26B-6F8838ABA9E2}
		{9D56A6D7-E213-40CB-99DC-68FE940519EE} = {E4DBA7B2-A08F-4376-A26B-6F8838ABA9E2}
		{69E8A03D-EE8A-4CD1-9973-E5EE4165A103} = {E4DBA7B2-A08F-4376-A26B-6F8838ABA9E2}
	EndGlobalSection
	GlobalSection(ExtensibilityGlobals) = postSolution
		SolutionGuid = {C00D1332-287F-4DA4-A002-D9A7E8B9B9AA}
	EndGlobalSection
EndGlobal
